
Microsoft Visual Studio Solution File, Format Version 12.00
# Visual Studio Version 17
VisualStudioVersion = 17.4.33213.308
MinimumVisualStudioVersion = 10.0.40219.1
Project("{FAE04EC0-301F-11D3-BF4B-00C04F79EFBC}") = "Radiation", "Radiation\Radiation.csproj", "{A6798118-90E1-4C6D-9878-1A75A954A788}"
EndProject
Global
	GlobalSection(SolutionConfigurationPlatforms) = preSolution
		Debug|Any CPU = Debug|Any CPU
		Release|Any CPU = Release|Any CPU
	EndGlobalSection
	GlobalSection(ProjectConfigurationPlatforms) = postSolution
		{A6798118-90E1-4C6D-9878-1A75A954A788}.Debug|Any CPU.ActiveCfg = Debug|Any CPU
		{A6798118-90E1-4C6D-9878-1A75A954A788}.Debug|Any CPU.Build.0 = Debug|Any CPU
		{A6798118-90E1-4C6D-9878-1A75A954A788}.Release|Any CPU.ActiveCfg = Release|Any CPU
		{A6798118-90E1-4C6D-9878-1A75A954A788}.Release|Any CPU.Build.0 = Release|Any CPU
	EndGlobalSection
	GlobalSection(SolutionProperties) = preSolution
		HideSolutionNode = FALSE
	EndGlobalSection
	GlobalSection(ExtensibilityGlobals) = postSolution
		SolutionGuid = {0DA7447A-E536-41B0-B633-FFA542DC9F3F}
	EndGlobalSection
EndGlobal
